// !$*UTF8*$!
{
	archiveVersion = 1;
	classes = {
	};
	objectVersion = 46;
	objects = {

/* Begin PBXBuildFile section */
		4A0C9A751484790100D6C576 /* buf.C in Sources */ = {isa = PBXBuildFile; fileRef = 4A0C9A231484790100D6C576 /* buf.C */; };
		4A0C9A761484790100D6C576 /* bufHash.C in Sources */ = {isa = PBXBuildFile; fileRef = 4A0C9A241484790100D6C576 /* bufHash.C */; };
		4A0C9A771484790100D6C576 /* catalog.C in Sources */ = {isa = PBXBuildFile; fileRef = 4A0C9A251484790100D6C576 /* catalog.C */; };
		4A0C9A781484790100D6C576 /* create.C in Sources */ = {isa = PBXBuildFile; fileRef = 4A0C9A261484790100D6C576 /* create.C */; };
		4A0C9A791484790100D6C576 /* db.C in Sources */ = {isa = PBXBuildFile; fileRef = 4A0C9A271484790100D6C576 /* db.C */; };
		4A0C9A7A1484790100D6C576 /* dbcreate.C in Sources */ = {isa = PBXBuildFile; fileRef = 4A0C9A281484790100D6C576 /* dbcreate.C */; };
		4A0C9A7B1484790100D6C576 /* dbdestroy.C in Sources */ = {isa = PBXBuildFile; fileRef = 4A0C9A291484790100D6C576 /* dbdestroy.C */; };
		4A0C9A7C1484790100D6C576 /* delete.C in Sources */ = {isa = PBXBuildFile; fileRef = 4A0C9A2A1484790100D6C576 /* delete.C */; };
		4A0C9A7D1484790100D6C576 /* destroy.C in Sources */ = {isa = PBXBuildFile; fileRef = 4A0C9A2B1484790100D6C576 /* destroy.C */; };
		4A0C9A7E1484790100D6C576 /* error.C in Sources */ = {isa = PBXBuildFile; fileRef = 4A0C9A2C1484790100D6C576 /* error.C */; };
		4A0C9A7F1484790100D6C576 /* heapfile.C in Sources */ = {isa = PBXBuildFile; fileRef = 4A0C9A2D1484790100D6C576 /* heapfile.C */; };
		4A0C9A801484790100D6C576 /* help.C in Sources */ = {isa = PBXBuildFile; fileRef = 4A0C9A2E1484790100D6C576 /* help.C */; };
		4A0C9A811484790100D6C576 /* insert.C in Sources */ = {isa = PBXBuildFile; fileRef = 4A0C9A2F1484790100D6C576 /* insert.C */; };
		4A0C9A821484790100D6C576 /* join.C in Sources */ = {isa = PBXBuildFile; fileRef = 4A0C9A301484790100D6C576 /* join.C */; };
		4A0C9A831484790100D6C576 /* joinHT.C in Sources */ = {isa = PBXBuildFile; fileRef = 4A0C9A311484790100D6C576 /* joinHT.C */; };
		4A0C9A841484790100D6C576 /* load.C in Sources */ = {isa = PBXBuildFile; fileRef = 4A0C9A321484790100D6C576 /* load.C */; };
		4A0C9A851484790100D6C576 /* minirel.C in Sources */ = {isa = PBXBuildFile; fileRef = 4A0C9A331484790100D6C576 /* minirel.C */; };
		4A0C9A861484790100D6C576 /* page.C in Sources */ = {isa = PBXBuildFile; fileRef = 4A0C9A341484790100D6C576 /* page.C */; };
		4A0C9A871484790100D6C576 /* partition.C in Sources */ = {isa = PBXBuildFile; fileRef = 4A0C9A351484790100D6C576 /* partition.C */; };
		4A0C9A881484790100D6C576 /* print.C in Sources */ = {isa = PBXBuildFile; fileRef = 4A0C9A361484790100D6C576 /* print.C */; };
		4A0C9A891484790100D6C576 /* quit.C in Sources */ = {isa = PBXBuildFile; fileRef = 4A0C9A371484790100D6C576 /* quit.C */; };
		4A0C9A8A1484790100D6C576 /* select.C in Sources */ = {isa = PBXBuildFile; fileRef = 4A0C9A381484790100D6C576 /* select.C */; };
		4A0C9A8B1484790100D6C576 /* sort.C in Sources */ = {isa = PBXBuildFile; fileRef = 4A0C9A391484790100D6C576 /* sort.C */; };
		4A0C9A8C1484790100D6C576 /* create.c in Sources */ = {isa = PBXBuildFile; fileRef = 4A0C9A3C1484790100D6C576 /* create.c */; };
		4A0C9A8D1484790100D6C576 /* create_9.c in Sources */ = {isa = PBXBuildFile; fileRef = 4A0C9A3D1484790100D6C576 /* create_9.c */; };
		4A0C9A8E1484790100D6C576 /* genWITuples.cpp in Sources */ = {isa = PBXBuildFile; fileRef = 4A0C9A3F1484790100D6C576 /* genWITuples.cpp */; };
		4A0C9A8F1484790100D6C576 /* testdata.c in Sources */ = {isa = PBXBuildFile; fileRef = 4A0C9A441484790100D6C576 /* testdata.c */; };
		4A0C9A901484790100D6C576 /* create.c in Sources */ = {isa = PBXBuildFile; fileRef = 4A0C9A571484790100D6C576 /* create.c */; };
		4A0C9A911484790100D6C576 /* buf.C in Sources */ = {isa = PBXBuildFile; fileRef = 4A0C9A5B1484790100D6C576 /* buf.C */; };
		4A0C9A921484790100D6C576 /* Makefile in Sources */ = {isa = PBXBuildFile; fileRef = 4A0C9A681484790100D6C576 /* Makefile */; };
/* End PBXBuildFile section */

/* Begin PBXCopyFilesBuildPhase section */
		4A0C99F51484789B00D6C576 /* CopyFiles */ = {
			isa = PBXCopyFilesBuildPhase;
			buildActionMask = 2147483647;
			dstPath = /usr/share/man/man1/;
			dstSubfolderSpec = 0;
			files = (
			);
			runOnlyForDeploymentPostprocessing = 1;
		};
/* End PBXCopyFilesBuildPhase section */

/* Begin PBXFileReference section */
		4A0C99F71484789B00D6C576 /* Minirel5 */ = {isa = PBXFileReference; explicitFileType = "compiled.mach-o.executable"; includeInIndex = 0; path = Minirel5; sourceTree = BUILT_PRODUCTS_DIR; };
		4A0C9A171484790100D6C576 /* buf.h */ = {isa = PBXFileReference; fileEncoding = 4; lastKnownFileType = sourcecode.c.h; path = buf.h; sourceTree = "<group>"; };
		4A0C9A181484790100D6C576 /* catalog.h */ = {isa = PBXFileReference; fileEncoding = 4; lastKnownFileType = sourcecode.c.h; path = catalog.h; sourceTree = "<group>"; };
		4A0C9A191484790100D6C576 /* db.h */ = {isa = PBXFileReference; fileEncoding = 4; lastKnownFileType = sourcecode.c.h; path = db.h; sourceTree = "<group>"; };
		4A0C9A1A1484790100D6C576 /* error.h */ = {isa = PBXFileReference; fileEncoding = 4; lastKnownFileType = sourcecode.c.h; path = error.h; sourceTree = "<group>"; };
		4A0C9A1B1484790100D6C576 /* heapfile.h */ = {isa = PBXFileReference; fileEncoding = 4; lastKnownFileType = sourcecode.c.h; path = heapfile.h; sourceTree = "<group>"; };
		4A0C9A1C1484790100D6C576 /* joinHT.h */ = {isa = PBXFileReference; fileEncoding = 4; lastKnownFileType = sourcecode.c.h; path = joinHT.h; sourceTree = "<group>"; };
		4A0C9A1D1484790100D6C576 /* page.h */ = {isa = PBXFileReference; fileEncoding = 4; lastKnownFileType = sourcecode.c.h; path = page.h; sourceTree = "<group>"; };
		4A0C9A1E1484790100D6C576 /* partition.h */ = {isa = PBXFileReference; fileEncoding = 4; lastKnownFileType = sourcecode.c.h; path = partition.h; sourceTree = "<group>"; };
		4A0C9A1F1484790100D6C576 /* query.h */ = {isa = PBXFileReference; fileEncoding = 4; lastKnownFileType = sourcecode.c.h; path = query.h; sourceTree = "<group>"; };
		4A0C9A201484790100D6C576 /* rid.h */ = {isa = PBXFileReference; fileEncoding = 4; lastKnownFileType = sourcecode.c.h; path = rid.h; sourceTree = "<group>"; };
		4A0C9A211484790100D6C576 /* sort.h */ = {isa = PBXFileReference; fileEncoding = 4; lastKnownFileType = sourcecode.c.h; path = sort.h; sourceTree = "<group>"; };
		4A0C9A221484790100D6C576 /* utility.h */ = {isa = PBXFileReference; fileEncoding = 4; lastKnownFileType = sourcecode.c.h; path = utility.h; sourceTree = "<group>"; };
		4A0C9A231484790100D6C576 /* buf.C */ = {isa = PBXFileReference; fileEncoding = 4; lastKnownFileType = sourcecode.cpp.cpp; path = buf.C; sourceTree = "<group>"; };
		4A0C9A241484790100D6C576 /* bufHash.C */ = {isa = PBXFileReference; fileEncoding = 4; lastKnownFileType = sourcecode.cpp.cpp; path = bufHash.C; sourceTree = "<group>"; };
		4A0C9A251484790100D6C576 /* catalog.C */ = {isa = PBXFileReference; fileEncoding = 4; lastKnownFileType = sourcecode.cpp.cpp; path = catalog.C; sourceTree = "<group>"; };
		4A0C9A261484790100D6C576 /* create.C */ = {isa = PBXFileReference; fileEncoding = 4; lastKnownFileType = sourcecode.cpp.cpp; path = create.C; sourceTree = "<group>"; };
		4A0C9A271484790100D6C576 /* db.C */ = {isa = PBXFileReference; fileEncoding = 4; lastKnownFileType = sourcecode.cpp.cpp; path = db.C; sourceTree = "<group>"; };
		4A0C9A281484790100D6C576 /* dbcreate.C */ = {isa = PBXFileReference; fileEncoding = 4; lastKnownFileType = sourcecode.cpp.cpp; path = dbcreate.C; sourceTree = "<group>"; };
		4A0C9A291484790100D6C576 /* dbdestroy.C */ = {isa = PBXFileReference; fileEncoding = 4; lastKnownFileType = sourcecode.cpp.cpp; path = dbdestroy.C; sourceTree = "<group>"; };
		4A0C9A2A1484790100D6C576 /* delete.C */ = {isa = PBXFileReference; fileEncoding = 4; lastKnownFileType = sourcecode.cpp.cpp; path = delete.C; sourceTree = "<group>"; };
		4A0C9A2B1484790100D6C576 /* destroy.C */ = {isa = PBXFileReference; fileEncoding = 4; lastKnownFileType = sourcecode.cpp.cpp; path = destroy.C; sourceTree = "<group>"; };
		4A0C9A2C1484790100D6C576 /* error.C */ = {isa = PBXFileReference; fileEncoding = 4; lastKnownFileType = sourcecode.cpp.cpp; path = error.C; sourceTree = "<group>"; };
		4A0C9A2D1484790100D6C576 /* heapfile.C */ = {isa = PBXFileReference; fileEncoding = 4; lastKnownFileType = sourcecode.cpp.cpp; path = heapfile.C; sourceTree = "<group>"; };
		4A0C9A2E1484790100D6C576 /* help.C */ = {isa = PBXFileReference; fileEncoding = 4; lastKnownFileType = sourcecode.cpp.cpp; path = help.C; sourceTree = "<group>"; };
		4A0C9A2F1484790100D6C576 /* insert.C */ = {isa = PBXFileReference; fileEncoding = 4; lastKnownFileType = sourcecode.cpp.cpp; path = insert.C; sourceTree = "<group>"; };
		4A0C9A301484790100D6C576 /* join.C */ = {isa = PBXFileReference; fileEncoding = 4; lastKnownFileType = sourcecode.cpp.cpp; path = join.C; sourceTree = "<group>"; };
		4A0C9A311484790100D6C576 /* joinHT.C */ = {isa = PBXFileReference; fileEncoding = 4; lastKnownFileType = sourcecode.cpp.cpp; path = joinHT.C; sourceTree = "<group>"; };
		4A0C9A321484790100D6C576 /* load.C */ = {isa = PBXFileReference; fileEncoding = 4; lastKnownFileType = sourcecode.cpp.cpp; path = load.C; sourceTree = "<group>"; };
		4A0C9A331484790100D6C576 /* minirel.C */ = {isa = PBXFileReference; fileEncoding = 4; lastKnownFileType = sourcecode.cpp.cpp; path = minirel.C; sourceTree = "<group>"; };
		4A0C9A341484790100D6C576 /* page.C */ = {isa = PBXFileReference; fileEncoding = 4; lastKnownFileType = sourcecode.cpp.cpp; path = page.C; sourceTree = "<group>"; };
		4A0C9A351484790100D6C576 /* partition.C */ = {isa = PBXFileReference; fileEncoding = 4; lastKnownFileType = sourcecode.cpp.cpp; path = partition.C; sourceTree = "<group>"; };
		4A0C9A361484790100D6C576 /* print.C */ = {isa = PBXFileReference; fileEncoding = 4; lastKnownFileType = sourcecode.cpp.cpp; path = print.C; sourceTree = "<group>"; };
		4A0C9A371484790100D6C576 /* quit.C */ = {isa = PBXFileReference; fileEncoding = 4; lastKnownFileType = sourcecode.cpp.cpp; path = quit.C; sourceTree = "<group>"; };
		4A0C9A381484790100D6C576 /* select.C */ = {isa = PBXFileReference; fileEncoding = 4; lastKnownFileType = sourcecode.cpp.cpp; path = select.C; sourceTree = "<group>"; };
		4A0C9A391484790100D6C576 /* sort.C */ = {isa = PBXFileReference; fileEncoding = 4; lastKnownFileType = sourcecode.cpp.cpp; path = sort.C; sourceTree = "<group>"; };
		4A0C9A3B1484790100D6C576 /* create */ = {isa = PBXFileReference; lastKnownFileType = "compiled.mach-o.executable"; path = create; sourceTree = "<group>"; };
		4A0C9A3C1484790100D6C576 /* create.c */ = {isa = PBXFileReference; fileEncoding = 4; lastKnownFileType = sourcecode.c.c; path = create.c; sourceTree = "<group>"; };
		4A0C9A3D1484790100D6C576 /* create_9.c */ = {isa = PBXFileReference; fileEncoding = 4; lastKnownFileType = sourcecode.c.c; path = create_9.c; sourceTree = "<group>"; };
		4A0C9A3E1484790100D6C576 /* gen */ = {isa = PBXFileReference; lastKnownFileType = file; path = gen; sourceTree = "<group>"; };
		4A0C9A3F1484790100D6C576 /* genWITuples.cpp */ = {isa = PBXFileReference; fileEncoding = 4; lastKnownFileType = sourcecode.cpp.cpp; path = genWITuples.cpp; sourceTree = "<group>"; };
		4A0C9A401484790100D6C576 /* rel1000.data */ = {isa = PBXFileReference; lastKnownFileType = file; path = rel1000.data; sourceTree = "<group>"; };
		4A0C9A411484790100D6C576 /* rel500.data */ = {isa = PBXFileReference; lastKnownFileType = file; path = rel500.data; sourceTree = "<group>"; };
		4A0C9A421484790100D6C576 /* soaps.data */ = {isa = PBXFileReference; lastKnownFileType = file; path = soaps.data; sourceTree = "<group>"; };
		4A0C9A431484790100D6C576 /* stars.data */ = {isa = PBXFileReference; lastKnownFileType = file; path = stars.data; sourceTree = "<group>"; };
		4A0C9A441484790100D6C576 /* testdata.c */ = {isa = PBXFileReference; fileEncoding = 4; lastKnownFileType = sourcecode.c.c; path = testdata.c; sourceTree = "<group>"; };
		4A0C9A451484790100D6C576 /* unique1_10K_R.data */ = {isa = PBXFileReference; lastKnownFileType = file; path = unique1_10K_R.data; sourceTree = "<group>"; };
		4A0C9A461484790100D6C576 /* unique1_10K_S.data */ = {isa = PBXFileReference; lastKnownFileType = file; path = unique1_10K_S.data; sourceTree = "<group>"; };
		4A0C9A471484790100D6C576 /* unique1_1K_R.data */ = {isa = PBXFileReference; lastKnownFileType = file; path = unique1_1K_R.data; sourceTree = "<group>"; };
		4A0C9A481484790100D6C576 /* unique1_1K_S.data */ = {isa = PBXFileReference; lastKnownFileType = file; path = unique1_1K_S.data; sourceTree = "<group>"; };
		4A0C9A4A1484790100D6C576 /* qu.1 */ = {isa = PBXFileReference; fileEncoding = 4; lastKnownFileType = text.man; path = qu.1; sourceTree = "<group>"; };
		4A0C9A4B1484790100D6C576 /* qu.10 */ = {isa = PBXFileReference; fileEncoding = 4; lastKnownFileType = text; path = qu.10; sourceTree = "<group>"; };
		4A0C9A4C1484790100D6C576 /* qu.11 */ = {isa = PBXFileReference; fileEncoding = 4; lastKnownFileType = text; path = qu.11; sourceTree = "<group>"; };
		4A0C9A4D1484790100D6C576 /* qu.12 */ = {isa = PBXFileReference; fileEncoding = 4; lastKnownFileType = text; path = qu.12; sourceTree = "<group>"; };
		4A0C9A4E1484790100D6C576 /* qu.2 */ = {isa = PBXFileReference; fileEncoding = 4; lastKnownFileType = text; path = qu.2; sourceTree = "<group>"; };
		4A0C9A4F1484790100D6C576 /* qu.3 */ = {isa = PBXFileReference; fileEncoding = 4; lastKnownFileType = text; path = qu.3; sourceTree = "<group>"; };
		4A0C9A501484790100D6C576 /* qu.4 */ = {isa = PBXFileReference; fileEncoding = 4; lastKnownFileType = text; path = qu.4; sourceTree = "<group>"; };
		4A0C9A511484790100D6C576 /* qu.5 */ = {isa = PBXFileReference; fileEncoding = 4; lastKnownFileType = text; path = qu.5; sourceTree = "<group>"; };
		4A0C9A521484790100D6C576 /* qu.6 */ = {isa = PBXFileReference; fileEncoding = 4; lastKnownFileType = text; path = qu.6; sourceTree = "<group>"; };
		4A0C9A531484790100D6C576 /* qu.7 */ = {isa = PBXFileReference; fileEncoding = 4; lastKnownFileType = text; path = qu.7; sourceTree = "<group>"; };
		4A0C9A541484790100D6C576 /* qu.8 */ = {isa = PBXFileReference; fileEncoding = 4; lastKnownFileType = text; path = qu.8; sourceTree = "<group>"; };
		4A0C9A551484790100D6C576 /* qu.9 */ = {isa = PBXFileReference; fileEncoding = 4; lastKnownFileType = text; path = qu.9; sourceTree = "<group>"; };
		4A0C9A571484790100D6C576 /* create.c */ = {isa = PBXFileReference; fileEncoding = 4; lastKnownFileType = sourcecode.c.c; path = create.c; sourceTree = "<group>"; };
		4A0C9A581484790100D6C576 /* soaps.data */ = {isa = PBXFileReference; lastKnownFileType = file; path = soaps.data; sourceTree = "<group>"; };
		4A0C9A591484790100D6C576 /* stars.data */ = {isa = PBXFileReference; lastKnownFileType = file; path = stars.data; sourceTree = "<group>"; };
		4A0C9A5B1484790100D6C576 /* buf.C */ = {isa = PBXFileReference; fileEncoding = 4; lastKnownFileType = sourcecode.cpp.cpp; path = buf.C; sourceTree = "<group>"; };
		4A0C9A5C1484790100D6C576 /* ut.1 */ = {isa = PBXFileReference; fileEncoding = 4; lastKnownFileType = text.man; path = ut.1; sourceTree = "<group>"; };
		4A0C9A5D1484790100D6C576 /* ut.10 */ = {isa = PBXFileReference; fileEncoding = 4; lastKnownFileType = text; path = ut.10; sourceTree = "<group>"; };
		4A0C9A5E1484790100D6C576 /* ut.2 */ = {isa = PBXFileReference; fileEncoding = 4; lastKnownFileType = text; path = ut.2; sourceTree = "<group>"; };
		4A0C9A5F1484790100D6C576 /* ut.3 */ = {isa = PBXFileReference; fileEncoding = 4; lastKnownFileType = text; path = ut.3; sourceTree = "<group>"; };
		4A0C9A601484790100D6C576 /* ut.4 */ = {isa = PBXFileReference; fileEncoding = 4; lastKnownFileType = text; path = ut.4; sourceTree = "<group>"; };
		4A0C9A611484790100D6C576 /* ut.5 */ = {isa = PBXFileReference; fileEncoding = 4; lastKnownFileType = text; path = ut.5; sourceTree = "<group>"; };
		4A0C9A621484790100D6C576 /* ut.6 */ = {isa = PBXFileReference; fileEncoding = 4; lastKnownFileType = text; path = ut.6; sourceTree = "<group>"; };
		4A0C9A631484790100D6C576 /* ut.7 */ = {isa = PBXFileReference; fileEncoding = 4; lastKnownFileType = text; path = ut.7; sourceTree = "<group>"; };
		4A0C9A641484790100D6C576 /* ut.8 */ = {isa = PBXFileReference; fileEncoding = 4; lastKnownFileType = text; path = ut.8; sourceTree = "<group>"; };
		4A0C9A651484790100D6C576 /* ut.9 */ = {isa = PBXFileReference; fileEncoding = 4; lastKnownFileType = text; path = ut.9; sourceTree = "<group>"; };
		4A0C9A661484790100D6C576 /* ut7 */ = {isa = PBXFileReference; fileEncoding = 4; lastKnownFileType = text; path = ut7; sourceTree = "<group>"; };
		4A0C9A671484790100D6C576 /* parseOut.pl */ = {isa = PBXFileReference; fileEncoding = 4; lastKnownFileType = text.script.perl; path = parseOut.pl; sourceTree = "<group>"; };
		4A0C9A681484790100D6C576 /* Makefile */ = {isa = PBXFileReference; fileEncoding = 4; lastKnownFileType = sourcecode.make; path = Makefile; sourceTree = "<group>"; };
		4A0C9A691484790100D6C576 /* qutest */ = {isa = PBXFileReference; fileEncoding = 4; lastKnownFileType = text.script.csh; path = qutest; sourceTree = "<group>"; };
		4A0C9A6A1484790100D6C576 /* qutestHJ */ = {isa = PBXFileReference; fileEncoding = 4; lastKnownFileType = text.script.csh; path = qutestHJ; sourceTree = "<group>"; };
		4A0C9A6B1484790100D6C576 /* qutestNL */ = {isa = PBXFileReference; fileEncoding = 4; lastKnownFileType = text.script.csh; path = qutestNL; sourceTree = "<group>"; };
		4A0C9A6C1484790100D6C576 /* qutestSM */ = {isa = PBXFileReference; fileEncoding = 4; lastKnownFileType = text.script.csh; path = qutestSM; sourceTree = "<group>"; };
		4A0C9A6D1484790100D6C576 /* sort.C.back */ = {isa = PBXFileReference; fileEncoding = 4; lastKnownFileType = text; path = sort.C.back; sourceTree = "<group>"; };
		4A0C9A6E1484790100D6C576 /* uttest */ = {isa = PBXFileReference; fileEncoding = 4; lastKnownFileType = text.script.csh; path = uttest; sourceTree = "<group>"; };
		4A0C9A6F1484790100D6C576 /* parser.xcodeproj */ = {isa = PBXFileReference; lastKnownFileType = "wrapper.pb-project"; path = parser.xcodeproj; sourceTree = "<group>"; };
/* End PBXFileReference section */

/* Begin PBXFrameworksBuildPhase section */
		4A0C99F41484789B00D6C576 /* Frameworks */ = {
			isa = PBXFrameworksBuildPhase;
			buildActionMask = 2147483647;
			files = (
			);
			runOnlyForDeploymentPostprocessing = 0;
		};
/* End PBXFrameworksBuildPhase section */

/* Begin PBXGroup section */
		4A0C99EC1484789B00D6C576 = {
			isa = PBXGroup;
			children = (
				4A0C99FA1484789B00D6C576 /* Minirel5 */,
				4A0C99F81484789B00D6C576 /* Products */,
			);
			sourceTree = "<group>";
		};
		4A0C99F81484789B00D6C576 /* Products */ = {
			isa = PBXGroup;
			children = (
				4A0C99F71484789B00D6C576 /* Minirel5 */,
			);
			name = Products;
			sourceTree = "<group>";
		};
		4A0C99FA1484789B00D6C576 /* Minirel5 */ = {
			isa = PBXGroup;
			children = (
				4A0C9A171484790100D6C576 /* buf.h */,
				4A0C9A181484790100D6C576 /* catalog.h */,
				4A0C9A191484790100D6C576 /* db.h */,
				4A0C9A1A1484790100D6C576 /* error.h */,
				4A0C9A1B1484790100D6C576 /* heapfile.h */,
				4A0C9A1C1484790100D6C576 /* joinHT.h */,
				4A0C9A1D1484790100D6C576 /* page.h */,
				4A0C9A1E1484790100D6C576 /* partition.h */,
				4A0C9A1F1484790100D6C576 /* query.h */,
				4A0C9A201484790100D6C576 /* rid.h */,
				4A0C9A211484790100D6C576 /* sort.h */,
				4A0C9A221484790100D6C576 /* utility.h */,
				4A0C9A231484790100D6C576 /* buf.C */,
				4A0C9A241484790100D6C576 /* bufHash.C */,
				4A0C9A251484790100D6C576 /* catalog.C */,
				4A0C9A261484790100D6C576 /* create.C */,
				4A0C9A271484790100D6C576 /* db.C */,
				4A0C9A281484790100D6C576 /* dbcreate.C */,
				4A0C9A291484790100D6C576 /* dbdestroy.C */,
				4A0C9A2A1484790100D6C576 /* delete.C */,
				4A0C9A2B1484790100D6C576 /* destroy.C */,
				4A0C9A2C1484790100D6C576 /* error.C */,
				4A0C9A2D1484790100D6C576 /* heapfile.C */,
				4A0C9A2E1484790100D6C576 /* help.C */,
				4A0C9A2F1484790100D6C576 /* insert.C */,
				4A0C9A301484790100D6C576 /* join.C */,
				4A0C9A311484790100D6C576 /* joinHT.C */,
				4A0C9A321484790100D6C576 /* load.C */,
				4A0C9A331484790100D6C576 /* minirel.C */,
				4A0C9A341484790100D6C576 /* page.C */,
				4A0C9A351484790100D6C576 /* partition.C */,
				4A0C9A361484790100D6C576 /* print.C */,
				4A0C9A371484790100D6C576 /* quit.C */,
				4A0C9A381484790100D6C576 /* select.C */,
				4A0C9A391484790100D6C576 /* sort.C */,
				4A0C9A3A1484790100D6C576 /* data */,
				4A0C9A491484790100D6C576 /* testqueries */,
				4A0C9A561484790100D6C576 /* uttestdata */,
				4A0C9A5A1484790100D6C576 /* uttestqueries */,
				4A0C9A671484790100D6C576 /* parseOut.pl */,
				4A0C9A681484790100D6C576 /* Makefile */,
				4A0C9A691484790100D6C576 /* qutest */,
				4A0C9A6A1484790100D6C576 /* qutestHJ */,
				4A0C9A6B1484790100D6C576 /* qutestNL */,
				4A0C9A6C1484790100D6C576 /* qutestSM */,
				4A0C9A6D1484790100D6C576 /* sort.C.back */,
				4A0C9A6E1484790100D6C576 /* uttest */,
				4A0C9A6F1484790100D6C576 /* parser.xcodeproj */,
			);
			path = Minirel5;
			sourceTree = "<group>";
		};
		4A0C9A3A1484790100D6C576 /* data */ = {
			isa = PBXGroup;
			children = (
				4A0C9A3B1484790100D6C576 /* create */,
				4A0C9A3C1484790100D6C576 /* create.c */,
				4A0C9A3D1484790100D6C576 /* create_9.c */,
				4A0C9A3E1484790100D6C576 /* gen */,
				4A0C9A3F1484790100D6C576 /* genWITuples.cpp */,
				4A0C9A401484790100D6C576 /* rel1000.data */,
				4A0C9A411484790100D6C576 /* rel500.data */,
				4A0C9A421484790100D6C576 /* soaps.data */,
				4A0C9A431484790100D6C576 /* stars.data */,
				4A0C9A441484790100D6C576 /* testdata.c */,
				4A0C9A451484790100D6C576 /* unique1_10K_R.data */,
				4A0C9A461484790100D6C576 /* unique1_10K_S.data */,
				4A0C9A471484790100D6C576 /* unique1_1K_R.data */,
				4A0C9A481484790100D6C576 /* unique1_1K_S.data */,
			);
			path = data;
			sourceTree = "<group>";
		};
		4A0C9A491484790100D6C576 /* testqueries */ = {
			isa = PBXGroup;
			children = (
				4A0C9A4A1484790100D6C576 /* qu.1 */,
				4A0C9A4B1484790100D6C576 /* qu.10 */,
				4A0C9A4C1484790100D6C576 /* qu.11 */,
				4A0C9A4D1484790100D6C576 /* qu.12 */,
				4A0C9A4E1484790100D6C576 /* qu.2 */,
				4A0C9A4F1484790100D6C576 /* qu.3 */,
				4A0C9A501484790100D6C576 /* qu.4 */,
				4A0C9A511484790100D6C576 /* qu.5 */,
				4A0C9A521484790100D6C576 /* qu.6 */,
				4A0C9A531484790100D6C576 /* qu.7 */,
				4A0C9A541484790100D6C576 /* qu.8 */,
				4A0C9A551484790100D6C576 /* qu.9 */,
			);
			path = testqueries;
			sourceTree = "<group>";
		};
		4A0C9A561484790100D6C576 /* uttestdata */ = {
			isa = PBXGroup;
			children = (
				4A0C9A571484790100D6C576 /* create.c */,
				4A0C9A581484790100D6C576 /* soaps.data */,
				4A0C9A591484790100D6C576 /* stars.data */,
			);
			path = uttestdata;
			sourceTree = "<group>";
		};
		4A0C9A5A1484790100D6C576 /* uttestqueries */ = {
			isa = PBXGroup;
			children = (
				4A0C9A5B1484790100D6C576 /* buf.C */,
				4A0C9A5C1484790100D6C576 /* ut.1 */,
				4A0C9A5D1484790100D6C576 /* ut.10 */,
				4A0C9A5E1484790100D6C576 /* ut.2 */,
				4A0C9A5F1484790100D6C576 /* ut.3 */,
				4A0C9A601484790100D6C576 /* ut.4 */,
				4A0C9A611484790100D6C576 /* ut.5 */,
				4A0C9A621484790100D6C576 /* ut.6 */,
				4A0C9A631484790100D6C576 /* ut.7 */,
				4A0C9A641484790100D6C576 /* ut.8 */,
				4A0C9A651484790100D6C576 /* ut.9 */,
				4A0C9A661484790100D6C576 /* ut7 */,
			);
			path = uttestqueries;
			sourceTree = "<group>";
		};
		4A0C9A701484790100D6C576 /* Products */ = {
			isa = PBXGroup;
			children = (
			);
			name = Products;
			sourceTree = "<group>";
		};
/* End PBXGroup section */

/* Begin PBXNativeTarget section */
		4A0C99F61484789B00D6C576 /* Minirel5 */ = {
			isa = PBXNativeTarget;
			buildConfigurationList = 4A0C9A001484789B00D6C576 /* Build configuration list for PBXNativeTarget "Minirel5" */;
			buildPhases = (
				4A0C99F31484789B00D6C576 /* Sources */,
				4A0C99F41484789B00D6C576 /* Frameworks */,
				4A0C99F51484789B00D6C576 /* CopyFiles */,
			);
			buildRules = (
			);
			dependencies = (
			);
			name = Minirel5;
			productName = Minirel5;
			productReference = 4A0C99F71484789B00D6C576 /* Minirel5 */;
			productType = "com.apple.product-type.tool";
		};
/* End PBXNativeTarget section */

/* Begin PBXProject section */
		4A0C99EE1484789B00D6C576 /* Project object */ = {
			isa = PBXProject;
			attributes = {
				ORGANIZATIONNAME = "UW Madison";
			};
			buildConfigurationList = 4A0C99F11484789B00D6C576 /* Build configuration list for PBXProject "Minirel5" */;
			compatibilityVersion = "Xcode 3.2";
			developmentRegion = English;
			hasScannedForEncodings = 0;
			knownRegions = (
				en,
			);
			mainGroup = 4A0C99EC1484789B00D6C576;
			productRefGroup = 4A0C99F81484789B00D6C576 /* Products */;
			projectDirPath = "";
			projectReferences = (
				{
					ProductGroup = 4A0C9A701484790100D6C576 /* Products */;
					ProjectRef = 4A0C9A6F1484790100D6C576 /* parser.xcodeproj */;
				},
			);
			projectRoot = "";
			targets = (
				4A0C99F61484789B00D6C576 /* Minirel5 */,
			);
		};
/* End PBXProject section */

/* Begin PBXSourcesBuildPhase section */
		4A0C99F31484789B00D6C576 /* Sources */ = {
			isa = PBXSourcesBuildPhase;
			buildActionMask = 2147483647;
			files = (
				4A0C9A751484790100D6C576 /* buf.C in Sources */,
				4A0C9A761484790100D6C576 /* bufHash.C in Sources */,
				4A0C9A771484790100D6C576 /* catalog.C in Sources */,
				4A0C9A781484790100D6C576 /* create.C in Sources */,
				4A0C9A791484790100D6C576 /* db.C in Sources */,
				4A0C9A7A1484790100D6C576 /* dbcreate.C in Sources */,
				4A0C9A7B1484790100D6C576 /* dbdestroy.C in Sources */,
				4A0C9A7C1484790100D6C576 /* delete.C in Sources */,
				4A0C9A7D1484790100D6C576 /* destroy.C in Sources */,
				4A0C9A7E1484790100D6C576 /* error.C in Sources */,
				4A0C9A7F1484790100D6C576 /* heapfile.C in Sources */,
				4A0C9A801484790100D6C576 /* help.C in Sources */,
				4A0C9A811484790100D6C576 /* insert.C in Sources */,
				4A0C9A821484790100D6C576 /* join.C in Sources */,
				4A0C9A831484790100D6C576 /* joinHT.C in Sources */,
				4A0C9A841484790100D6C576 /* load.C in Sources */,
				4A0C9A851484790100D6C576 /* minirel.C in Sources */,
				4A0C9A861484790100D6C576 /* page.C in Sources */,
				4A0C9A871484790100D6C576 /* partition.C in Sources */,
				4A0C9A881484790100D6C576 /* print.C in Sources */,
				4A0C9A891484790100D6C576 /* quit.C in Sources */,
				4A0C9A8A1484790100D6C576 /* select.C in Sources */,
				4A0C9A8B1484790100D6C576 /* sort.C in Sources */,
				4A0C9A8C1484790100D6C576 /* create.c in Sources */,
				4A0C9A8D1484790100D6C576 /* create_9.c in Sources */,
				4A0C9A8E1484790100D6C576 /* genWITuples.cpp in Sources */,
				4A0C9A8F1484790100D6C576 /* testdata.c in Sources */,
				4A0C9A901484790100D6C576 /* create.c in Sources */,
				4A0C9A911484790100D6C576 /* buf.C in Sources */,
				4A0C9A921484790100D6C576 /* Makefile in Sources */,
			);
			runOnlyForDeploymentPostprocessing = 0;
		};
/* End PBXSourcesBuildPhase section */

/* Begin XCBuildConfiguration section */
		4A0C99FE1484789B00D6C576 /* Debug */ = {
			isa = XCBuildConfiguration;
			buildSettings = {
				ARCHS = "$(ARCHS_STANDARD_32_64_BIT)";
				GCC_C_LANGUAGE_STANDARD = gnu99;
				GCC_OPTIMIZATION_LEVEL = 0;
				GCC_PREPROCESSOR_DEFINITIONS = DEBUG;
				GCC_SYMBOLS_PRIVATE_EXTERN = NO;
				GCC_VERSION = com.apple.compilers.llvm.clang.1_0;
				GCC_WARN_64_TO_32_BIT_CONVERSION = YES;
				GCC_WARN_ABOUT_RETURN_TYPE = YES;
				GCC_WARN_UNUSED_VARIABLE = YES;
				MACOSX_DEPLOYMENT_TARGET = 10.6;
				ONLY_ACTIVE_ARCH = YES;
				SDKROOT = macosx;
			};
			name = Debug;
		};
		4A0C99FF1484789B00D6C576 /* Release */ = {
			isa = XCBuildConfiguration;
			buildSettings = {
				ARCHS = "$(ARCHS_STANDARD_32_64_BIT)";
				GCC_C_LANGUAGE_STANDARD = gnu99;
				GCC_VERSION = com.apple.compilers.llvm.clang.1_0;
				GCC_WARN_64_TO_32_BIT_CONVERSION = YES;
				GCC_WARN_ABOUT_RETURN_TYPE = YES;
				GCC_WARN_UNUSED_VARIABLE = YES;
				MACOSX_DEPLOYMENT_TARGET = 10.6;
				SDKROOT = macosx;
			};
			name = Release;
		};
		4A0C9A011484789B00D6C576 /* Debug */ = {
			isa = XCBuildConfiguration;
			buildSettings = {
				ALWAYS_SEARCH_USER_PATHS = NO;
				COPY_PHASE_STRIP = NO;
				GCC_DYNAMIC_NO_PIC = NO;
				GCC_ENABLE_OBJC_EXCEPTIONS = YES;
				PRODUCT_NAME = "$(TARGET_NAME)";
			};
			name = Debug;
		};
		4A0C9A021484789B00D6C576 /* Release */ = {
			isa = XCBuildConfiguration;
			buildSettings = {
				ALWAYS_SEARCH_USER_PATHS = NO;
				COPY_PHASE_STRIP = YES;
				DEBUG_INFORMATION_FORMAT = "dwarf-with-dsym";
				GCC_ENABLE_OBJC_EXCEPTIONS = YES;
				PRODUCT_NAME = "$(TARGET_NAME)";
			};
			name = Release;
		};
/* End XCBuildConfiguration section */

/* Begin XCConfigurationList section */
		4A0C99F11484789B00D6C576 /* Build configuration list for PBXProject "Minirel5" */ = {
			isa = XCConfigurationList;
			buildConfigurations = (
				4A0C99FE1484789B00D6C576 /* Debug */,
				4A0C99FF1484789B00D6C576 /* Release */,
			);
			defaultConfigurationIsVisible = 0;
			defaultConfigurationName = Release;
		};
		4A0C9A001484789B00D6C576 /* Build configuration list for PBXNativeTarget "Minirel5" */ = {
			isa = XCConfigurationList;
			buildConfigurations = (
				4A0C9A011484789B00D6C576 /* Debug */,
				4A0C9A021484789B00D6C576 /* Release */,
			);
			defaultConfigurationIsVisible = 0;
		};
/* End XCConfigurationList section */
	};
	rootObject = 4A0C99EE1484789B00D6C576 /* Project object */;
}
