// !$*UTF8*$!
{
	archiveVersion = 1;
	classes = {
	};
	objectVersion = 46;
	objects = {

/* Begin PBXFileReference section */
		4A0C9A0B1484790000D6C576 /* interp.C */ = {isa = PBXFileReference; lastKnownFileType = sourcecode.cpp.cpp; path = interp.C; sourceTree = "<group>"; };
		4A0C9A0C1484790000D6C576 /* makefile */ = {isa = PBXFileReference; lastKnownFileType = sourcecode.make; path = makefile; sourceTree = "<group>"; };
		4A0C9A0D1484790000D6C576 /* nodes.C */ = {isa = PBXFileReference; lastKnownFileType = sourcecode.cpp.cpp; path = nodes.C; sourceTree = "<group>"; };
		4A0C9A0E1484790000D6C576 /* parse.h */ = {isa = PBXFileReference; lastKnownFileType = sourcecode.c.h; path = parse.h; sourceTree = "<group>"; };
		4A0C9A0F1484790000D6C576 /* parse.y */ = {isa = PBXFileReference; lastKnownFileType = sourcecode.yacc; path = parse.y; sourceTree = "<group>"; };
		4A0C9A101484790000D6C576 /* scan.l */ = {isa = PBXFileReference; lastKnownFileType = sourcecode.lex; path = scan.l; sourceTree = "<group>"; };
		4A0C9A111484790000D6C576 /* scanhelp.C */ = {isa = PBXFileReference; lastKnownFileType = sourcecode.cpp.cpp; path = scanhelp.C; sourceTree = "<group>"; };
		4A0C9A121484790000D6C576 /* y.tab.h */ = {isa = PBXFileReference; lastKnownFileType = sourcecode.c.h; path = y.tab.h; sourceTree = "<group>"; };
		4A0C9A131484790000D6C576 /* yywrap.c */ = {isa = PBXFileReference; lastKnownFileType = sourcecode.c.c; path = yywrap.c; sourceTree = "<group>"; };
/* End PBXFileReference section */

/* Begin PBXGroup section */
		4A0C9A031484790000D6C576 = {
			isa = PBXGroup;
			children = (
				4A0C9A0B1484790000D6C576 /* interp.C */,
				4A0C9A0C1484790000D6C576 /* makefile */,
				4A0C9A0D1484790000D6C576 /* nodes.C */,
				4A0C9A0E1484790000D6C576 /* parse.h */,
				4A0C9A0F1484790000D6C576 /* parse.y */,
				4A0C9A101484790000D6C576 /* scan.l */,
				4A0C9A111484790000D6C576 /* scanhelp.C */,
				4A0C9A121484790000D6C576 /* y.tab.h */,
				4A0C9A131484790000D6C576 /* yywrap.c */,
			);
			sourceTree = "<group>";
		};
/* End PBXGroup section */

/* Begin PBXLegacyTarget section */
		4A0C9A0A1484790000D6C576 /* parser */ = {
			isa = PBXLegacyTarget;
			buildArgumentsString = "$(ACTION)";
			buildConfigurationList = 4A0C9A141484790000D6C576 /* Build configuration list for PBXLegacyTarget "parser" */;
			buildPhases = (
			);
			buildToolPath = /usr/bin/make;
			buildWorkingDirectory = /Users/Phil/Desktop/part5/parser;
			dependencies = (
			);
			name = parser;
			passBuildSettingsInEnvironment = 1;
			productName = parser;
		};
/* End PBXLegacyTarget section */

/* Begin PBXProject section */
		4A0C9A051484790000D6C576 /* Project object */ = {
			isa = PBXProject;
			buildConfigurationList = 4A0C9A081484790000D6C576 /* Build configuration list for PBXProject "parser" */;
			compatibilityVersion = "Xcode 3.2";
			developmentRegion = English;
			hasScannedForEncodings = 0;
			knownRegions = (
				en,
			);
			mainGroup = 4A0C9A031484790000D6C576;
			projectDirPath = "";
			projectRoot = "";
			targets = (
				4A0C9A0A1484790000D6C576 /* parser */,
			);
		};
/* End PBXProject section */

/* Begin XCBuildConfiguration section */
		4A0C9A061484790000D6C576 /* Debug */ = {
			isa = XCBuildConfiguration;
			buildSettings = {
				ARCHS = "$(ARCHS_STANDARD_32_BIT)";
				COPY_PHASE_STRIP = NO;
				GCC_WARN_ABOUT_RETURN_TYPE = YES;
				GCC_WARN_UNUSED_VARIABLE = YES;
				ONLY_ACTIVE_ARCH = YES;
				SDKROOT = macosx10.6;
			};
			name = Debug;
		};
		4A0C9A071484790000D6C576 /* Release */ = {
			isa = XCBuildConfiguration;
			buildSettings = {
				ARCHS = "$(ARCHS_STANDARD_32_BIT)";
				COPY_PHASE_STRIP = YES;
				GCC_WARN_ABOUT_RETURN_TYPE = YES;
				GCC_WARN_UNUSED_VARIABLE = YES;
				SDKROOT = macosx10.6;
			};
			name = Release;
		};
		4A0C9A151484790000D6C576 /* Debug */ = {
			isa = XCBuildConfiguration;
			buildSettings = {
				COPY_PHASE_STRIP = NO;
				DEBUGGING_SYMBOLS = YES;
				GCC_DYNAMIC_NO_PIC = NO;
				GCC_ENABLE_FIX_AND_CONTINUE = YES;
				GCC_GENERATE_DEBUGGING_SYMBOLS = YES;
				GCC_OPTIMIZATION_LEVEL = 0;
				OTHER_CFLAGS = "";
				OTHER_LDFLAGS = "";
				PRODUCT_NAME = parser;
			};
			name = Debug;
		};
		4A0C9A161484790000D6C576 /* Release */ = {
			isa = XCBuildConfiguration;
			buildSettings = {
				COPY_PHASE_STRIP = YES;
				DEBUG_INFORMATION_FORMAT = "dwarf-with-dsym";
				GCC_ENABLE_FIX_AND_CONTINUE = NO;
				OTHER_CFLAGS = "";
				OTHER_LDFLAGS = "";
				PRODUCT_NAME = parser;
			};
			name = Release;
		};
/* End XCBuildConfiguration section */

/* Begin XCConfigurationList section */
		4A0C9A081484790000D6C576 /* Build configuration list for PBXProject "parser" */ = {
			isa = XCConfigurationList;
			buildConfigurations = (
				4A0C9A061484790000D6C576 /* Debug */,
				4A0C9A071484790000D6C576 /* Release */,
			);
			defaultConfigurationIsVisible = 0;
			defaultConfigurationName = Release;
		};
		4A0C9A141484790000D6C576 /* Build configuration list for PBXLegacyTarget "parser" */ = {
			isa = XCConfigurationList;
			buildConfigurations = (
				4A0C9A151484790000D6C576 /* Debug */,
				4A0C9A161484790000D6C576 /* Release */,
			);
			defaultConfigurationIsVisible = 0;
			defaultConfigurationName = Release;
		};
/* End XCConfigurationList section */
	};
	rootObject = 4A0C9A051484790000D6C576 /* Project object */;
}
